
Microsoft Visual Studio Solution File, Format Version 12.00
# Visual Studio Version 16
VisualStudioVersion = 16.0.30711.63
MinimumVisualStudioVersion = 10.0.40219.1
Project("{FAE04EC0-301F-11D3-BF4B-00C04F79EFBC}") = "Streaming.Consumer", "Streaming.Consumer\Streaming.Consumer.csproj", "{D6342625-DCFA-46EF-AE1F-9A5374D20582}"
EndProject
Project("{FAE04EC0-301F-11D3-BF4B-00C04F79EFBC}") = "Streaming.Producer", "Streaming.Producer\Streaming.Producer.csproj", "{CD9EDBEE-8A16-48AC-8FE3-3F2227006DB1}"
EndProject
Global
	GlobalSection(SolutionConfigurationPlatforms) = preSolution
		Debug|Any CPU = Debug|Any CPU
		Release|Any CPU = Release|Any CPU
	EndGlobalSection
	GlobalSection(ProjectConfigurationPlatforms) = postSolution
		{D6342625-DCFA-46EF-AE1F-9A5374D20582}.Debug|Any CPU.ActiveCfg = Debug|Any CPU
		{D6342625-DCFA-46EF-AE1F-9A5374D20582}.Debug|Any CPU.Build.0 = Debug|Any CPU
		{D6342625-DCFA-46EF-AE1F-9A5374D20582}.Release|Any CPU.ActiveCfg = Release|Any CPU
		{D6342625-DCFA-46EF-AE1F-9A5374D20582}.Release|Any CPU.Build.0 = Release|Any CPU
		{CD9EDBEE-8A16-48AC-8FE3-3F2227006DB1}.Debug|Any CPU.ActiveCfg = Debug|Any CPU
		{CD9EDBEE-8A16-48AC-8FE3-3F2227006DB1}.Debug|Any CPU.Build.0 = Debug|Any CPU
		{CD9EDBEE-8A16-48AC-8FE3-3F2227006DB1}.Release|Any CPU.ActiveCfg = Release|Any CPU
		{CD9EDBEE-8A16-48AC-8FE3-3F2227006DB1}.Release|Any CPU.Build.0 = Release|Any CPU
	EndGlobalSection
	GlobalSection(SolutionProperties) = preSolution
		HideSolutionNode = FALSE
	EndGlobalSection
	GlobalSection(ExtensibilityGlobals) = postSolution
		SolutionGuid = {C16DC01E-2348-40AD-BF97-1B8517651BEE}
	EndGlobalSection
EndGlobal
